// !$*UTF8*$!
{
	archiveVersion = 1;
	classes = {
	};
	objectVersion = 51;
	objects = {

/* Begin PBXBuildFile section */
		583093EB243D4C680021793C /* StorageManager.swift in Sources */ = {isa = PBXBuildFile; fileRef = 583093EA243D4C680021793C /* StorageManager.swift */; };
		5893EF60243C93CA00A1CA73 /* AppDelegate.swift in Sources */ = {isa = PBXBuildFile; fileRef = 5893EF5F243C93CA00A1CA73 /* AppDelegate.swift */; };
		5893EF62243C93CA00A1CA73 /* SceneDelegate.swift in Sources */ = {isa = PBXBuildFile; fileRef = 5893EF61243C93CA00A1CA73 /* SceneDelegate.swift */; };
		5893EF67243C93CA00A1CA73 /* Main.storyboard in Resources */ = {isa = PBXBuildFile; fileRef = 5893EF65243C93CA00A1CA73 /* Main.storyboard */; };
		5893EF69243C93CD00A1CA73 /* Assets.xcassets in Resources */ = {isa = PBXBuildFile; fileRef = 5893EF68243C93CD00A1CA73 /* Assets.xcassets */; };
		5893EF6C243C93CD00A1CA73 /* LaunchScreen.storyboard in Resources */ = {isa = PBXBuildFile; fileRef = 5893EF6A243C93CD00A1CA73 /* LaunchScreen.storyboard */; };
		5893EF74243C97B200A1CA73 /* MainTableViewController.swift in Sources */ = {isa = PBXBuildFile; fileRef = 5893EF73243C97B200A1CA73 /* MainTableViewController.swift */; };
		5893EF76243CC29800A1CA73 /* DataModel.swift in Sources */ = {isa = PBXBuildFile; fileRef = 5893EF75243CC29800A1CA73 /* DataModel.swift */; };
		5893EF78243CC5B000A1CA73 /* CustomTableViewCell.swift in Sources */ = {isa = PBXBuildFile; fileRef = 5893EF77243CC5B000A1CA73 /* CustomTableViewCell.swift */; };
		5893EF7A243CD2C000A1CA73 /* NewPlaceTableViewController.swift in Sources */ = {isa = PBXBuildFile; fileRef = 5893EF79243CD2C000A1CA73 /* NewPlaceTableViewController.swift */; };
		DDEFCE320D9BE5DDF0B1133D /* Pods_MyPlaces.framework in Frameworks */ = {isa = PBXBuildFile; fileRef = 1E1FE770DE7DD3DDE98FE2E2 /* Pods_MyPlaces.framework */; };
/* End PBXBuildFile section */

/* Begin PBXFileReference section */
		1E1FE770DE7DD3DDE98FE2E2 /* Pods_MyPlaces.framework */ = {isa = PBXFileReference; explicitFileType = wrapper.framework; includeInIndex = 0; path = Pods_MyPlaces.framework; sourceTree = BUILT_PRODUCTS_DIR; };
		449ACB6F3676186456B456C6 /* Pods-MyPlaces.debug.xcconfig */ = {isa = PBXFileReference; includeInIndex = 1; lastKnownFileType = text.xcconfig; name = "Pods-MyPlaces.debug.xcconfig"; path = "Target Support Files/Pods-MyPlaces/Pods-MyPlaces.debug.xcconfig"; sourceTree = "<group>"; };
		583093EA243D4C680021793C /* StorageManager.swift */ = {isa = PBXFileReference; lastKnownFileType = sourcecode.swift; path = StorageManager.swift; sourceTree = "<group>"; };
		5893EF5C243C93CA00A1CA73 /* MyPlaces.app */ = {isa = PBXFileReference; explicitFileType = wrapper.application; includeInIndex = 0; path = MyPlaces.app; sourceTree = BUILT_PRODUCTS_DIR; };
		5893EF5F243C93CA00A1CA73 /* AppDelegate.swift */ = {isa = PBXFileReference; lastKnownFileType = sourcecode.swift; path = AppDelegate.swift; sourceTree = "<group>"; };
		5893EF61243C93CA00A1CA73 /* SceneDelegate.swift */ = {isa = PBXFileReference; lastKnownFileType = sourcecode.swift; path = SceneDelegate.swift; sourceTree = "<group>"; };
		5893EF66243C93CA00A1CA73 /* Base */ = {isa = PBXFileReference; lastKnownFileType = file.storyboard; name = Base; path = Base.lproj/Main.storyboard; sourceTree = "<group>"; };
		5893EF68243C93CD00A1CA73 /* Assets.xcassets */ = {isa = PBXFileReference; lastKnownFileType = folder.assetcatalog; path = Assets.xcassets; sourceTree = "<group>"; };
		5893EF6B243C93CD00A1CA73 /* Base */ = {isa = PBXFileReference; lastKnownFileType = file.storyboard; name = Base; path = Base.lproj/LaunchScreen.storyboard; sourceTree = "<group>"; };
		5893EF6D243C93CD00A1CA73 /* Info.plist */ = {isa = PBXFileReference; lastKnownFileType = text.plist.xml; path = Info.plist; sourceTree = "<group>"; };
		5893EF73243C97B200A1CA73 /* MainTableViewController.swift */ = {isa = PBXFileReference; lastKnownFileType = sourcecode.swift; path = MainTableViewController.swift; sourceTree = "<group>"; };
		5893EF75243CC29800A1CA73 /* DataModel.swift */ = {isa = PBXFileReference; lastKnownFileType = sourcecode.swift; path = DataModel.swift; sourceTree = "<group>"; };
		5893EF77243CC5B000A1CA73 /* CustomTableViewCell.swift */ = {isa = PBXFileReference; lastKnownFileType = sourcecode.swift; path = CustomTableViewCell.swift; sourceTree = "<group>"; };
		5893EF79243CD2C000A1CA73 /* NewPlaceTableViewController.swift */ = {isa = PBXFileReference; lastKnownFileType = sourcecode.swift; path = NewPlaceTableViewController.swift; sourceTree = "<group>"; };
		AC4D484475BDA5C7699B3B3B /* Pods-MyPlaces.release.xcconfig */ = {isa = PBXFileReference; includeInIndex = 1; lastKnownFileType = text.xcconfig; name = "Pods-MyPlaces.release.xcconfig"; path = "Target Support Files/Pods-MyPlaces/Pods-MyPlaces.release.xcconfig"; sourceTree = "<group>"; };
/* End PBXFileReference section */

/* Begin PBXFrameworksBuildPhase section */
		5893EF59243C93CA00A1CA73 /* Frameworks */ = {
			isa = PBXFrameworksBuildPhase;
			buildActionMask = 2147483647;
			files = (
				DDEFCE320D9BE5DDF0B1133D /* Pods_MyPlaces.framework in Frameworks */,
			);
			runOnlyForDeploymentPostprocessing = 0;
		};
/* End PBXFrameworksBuildPhase section */

/* Begin PBXGroup section */
		442EA667D47F9DA4C0344597 /* Pods */ = {
			isa = PBXGroup;
			children = (
				449ACB6F3676186456B456C6 /* Pods-MyPlaces.debug.xcconfig */,
				AC4D484475BDA5C7699B3B3B /* Pods-MyPlaces.release.xcconfig */,
			);
			path = Pods;
			sourceTree = "<group>";
		};
		5893EF53243C93CA00A1CA73 = {
			isa = PBXGroup;
			children = (
				5893EF5E243C93CA00A1CA73 /* MyPlaces */,
				5893EF5D243C93CA00A1CA73 /* Products */,
				442EA667D47F9DA4C0344597 /* Pods */,
				93D8EE8E1C45657A7C0EF5FD /* Frameworks */,
			);
			sourceTree = "<group>";
		};
		5893EF5D243C93CA00A1CA73 /* Products */ = {
			isa = PBXGroup;
			children = (
				5893EF5C243C93CA00A1CA73 /* MyPlaces.app */,
			);
			name = Products;
			sourceTree = "<group>";
		};
		5893EF5E243C93CA00A1CA73 /* MyPlaces */ = {
			isa = PBXGroup;
			children = (
				5893EF5F243C93CA00A1CA73 /* AppDelegate.swift */,
				5893EF61243C93CA00A1CA73 /* SceneDelegate.swift */,
				5893EF73243C97B200A1CA73 /* MainTableViewController.swift */,
				5893EF77243CC5B000A1CA73 /* CustomTableViewCell.swift */,
				5893EF79243CD2C000A1CA73 /* NewPlaceTableViewController.swift */,
				5893EF75243CC29800A1CA73 /* DataModel.swift */,
				583093EA243D4C680021793C /* StorageManager.swift */,
				5893EF65243C93CA00A1CA73 /* Main.storyboard */,
				5893EF68243C93CD00A1CA73 /* Assets.xcassets */,
				5893EF6A243C93CD00A1CA73 /* LaunchScreen.storyboard */,
				5893EF6D243C93CD00A1CA73 /* Info.plist */,
			);
			path = MyPlaces;
			sourceTree = "<group>";
		};
		93D8EE8E1C45657A7C0EF5FD /* Frameworks */ = {
			isa = PBXGroup;
			children = (
				1E1FE770DE7DD3DDE98FE2E2 /* Pods_MyPlaces.framework */,
			);
			name = Frameworks;
			sourceTree = "<group>";
		};
/* End PBXGroup section */

/* Begin PBXNativeTarget section */
		5893EF5B243C93CA00A1CA73 /* MyPlaces */ = {
			isa = PBXNativeTarget;
			buildConfigurationList = 5893EF70243C93CD00A1CA73 /* Build configuration list for PBXNativeTarget "MyPlaces" */;
			buildPhases = (
				F2467C6B294B140F7DC51A4F /* [CP] Check Pods Manifest.lock */,
				5893EF58243C93CA00A1CA73 /* Sources */,
				5893EF59243C93CA00A1CA73 /* Frameworks */,
				5893EF5A243C93CA00A1CA73 /* Resources */,
				ABDEC0A24D92C2F905504B50 /* [CP] Embed Pods Frameworks */,
			);
			buildRules = (
			);
			dependencies = (
			);
			name = MyPlaces;
			productName = MyPlaces;
			productReference = 5893EF5C243C93CA00A1CA73 /* MyPlaces.app */;
			productType = "com.apple.product-type.application";
		};
/* End PBXNativeTarget section */

/* Begin PBXProject section */
		5893EF54243C93CA00A1CA73 /* Project object */ = {
			isa = PBXProject;
			attributes = {
				LastSwiftUpdateCheck = 1130;
				LastUpgradeCheck = 1130;
				ORGANIZATIONNAME = "Kisick'n'Kisa";
				TargetAttributes = {
					5893EF5B243C93CA00A1CA73 = {
						CreatedOnToolsVersion = 11.3.1;
					};
				};
			};
			buildConfigurationList = 5893EF57243C93CA00A1CA73 /* Build configuration list for PBXProject "MyPlaces" */;
			compatibilityVersion = "Xcode 9.3";
			developmentRegion = en;
			hasScannedForEncodings = 0;
			knownRegions = (
				en,
				Base,
			);
			mainGroup = 5893EF53243C93CA00A1CA73;
			productRefGroup = 5893EF5D243C93CA00A1CA73 /* Products */;
			projectDirPath = "";
			projectRoot = "";
			targets = (
				5893EF5B243C93CA00A1CA73 /* MyPlaces */,
			);
		};
/* End PBXProject section */

/* Begin PBXResourcesBuildPhase section */
		5893EF5A243C93CA00A1CA73 /* Resources */ = {
			isa = PBXResourcesBuildPhase;
			buildActionMask = 2147483647;
			files = (
				5893EF6C243C93CD00A1CA73 /* LaunchScreen.storyboard in Resources */,
				5893EF69243C93CD00A1CA73 /* Assets.xcassets in Resources */,
				5893EF67243C93CA00A1CA73 /* Main.storyboard in Resources */,
			);
			runOnlyForDeploymentPostprocessing = 0;
		};
/* End PBXResourcesBuildPhase section */

/* Begin PBXShellScriptBuildPhase section */
		ABDEC0A24D92C2F905504B50 /* [CP] Embed Pods Frameworks */ = {
			isa = PBXShellScriptBuildPhase;
			buildActionMask = 2147483647;
			files = (
			);
			inputFileListPaths = (
				"${PODS_ROOT}/Target Support Files/Pods-MyPlaces/Pods-MyPlaces-frameworks-${CONFIGURATION}-input-files.xcfilelist",
			);
			name = "[CP] Embed Pods Frameworks";
			outputFileListPaths = (
				"${PODS_ROOT}/Target Support Files/Pods-MyPlaces/Pods-MyPlaces-frameworks-${CONFIGURATION}-output-files.xcfilelist",
			);
			runOnlyForDeploymentPostprocessing = 0;
			shellPath = /bin/sh;
			shellScript = "\"${PODS_ROOT}/Target Support Files/Pods-MyPlaces/Pods-MyPlaces-frameworks.sh\"\n";
			showEnvVarsInLog = 0;
		};
		F2467C6B294B140F7DC51A4F /* [CP] Check Pods Manifest.lock */ = {
			isa = PBXShellScriptBuildPhase;
			buildActionMask = 2147483647;
			files = (
			);
			inputFileListPaths = (
			);
			inputPaths = (
				"${PODS_PODFILE_DIR_PATH}/Podfile.lock",
				"${PODS_ROOT}/Manifest.lock",
			);
			name = "[CP] Check Pods Manifest.lock";
			outputFileListPaths = (
			);
			outputPaths = (
				"$(DERIVED_FILE_DIR)/Pods-MyPlaces-checkManifestLockResult.txt",
			);
			runOnlyForDeploymentPostprocessing = 0;
			shellPath = /bin/sh;
			shellScript = "diff \"${PODS_PODFILE_DIR_PATH}/Podfile.lock\" \"${PODS_ROOT}/Manifest.lock\" > /dev/null\nif [ $? != 0 ] ; then\n    # print error to STDERR\n    echo \"error: The sandbox is not in sync with the Podfile.lock. Run 'pod install' or update your CocoaPods installation.\" >&2\n    exit 1\nfi\n# This output is used by Xcode 'outputs' to avoid re-running this script phase.\necho \"SUCCESS\" > \"${SCRIPT_OUTPUT_FILE_0}\"\n";
			showEnvVarsInLog = 0;
		};
/* End PBXShellScriptBuildPhase section */

/* Begin PBXSourcesBuildPhase section */
		5893EF58243C93CA00A1CA73 /* Sources */ = {
			isa = PBXSourcesBuildPhase;
			buildActionMask = 2147483647;
			files = (
				5893EF7A243CD2C000A1CA73 /* NewPlaceTableViewController.swift in Sources */,
				5893EF60243C93CA00A1CA73 /* AppDelegate.swift in Sources */,
				5893EF78243CC5B000A1CA73 /* CustomTableViewCell.swift in Sources */,
				583093EB243D4C680021793C /* StorageManager.swift in Sources */,
				5893EF76243CC29800A1CA73 /* DataModel.swift in Sources */,
				5893EF74243C97B200A1CA73 /* MainTableViewController.swift in Sources */,
				5893EF62243C93CA00A1CA73 /* SceneDelegate.swift in Sources */,
			);
			runOnlyForDeploymentPostprocessing = 0;
		};
/* End PBXSourcesBuildPhase section */

/* Begin PBXVariantGroup section */
		5893EF65243C93CA00A1CA73 /* Main.storyboard */ = {
			isa = PBXVariantGroup;
			children = (
				5893EF66243C93CA00A1CA73 /* Base */,
			);
			name = Main.storyboard;
			sourceTree = "<group>";
		};
		5893EF6A243C93CD00A1CA73 /* LaunchScreen.storyboard */ = {
			isa = PBXVariantGroup;
			children = (
				5893EF6B243C93CD00A1CA73 /* Base */,
			);
			name = LaunchScreen.storyboard;
			sourceTree = "<group>";
		};
/* End PBXVariantGroup section */

/* Begin XCBuildConfiguration section */
		5893EF6E243C93CD00A1CA73 /* Debug */ = {
			isa = XCBuildConfiguration;
			buildSettings = {
				ALWAYS_SEARCH_USER_PATHS = NO;
				CLANG_ANALYZER_NONNULL = YES;
				CLANG_ANALYZER_NUMBER_OBJECT_CONVERSION = YES_AGGRESSIVE;
				CLANG_CXX_LANGUAGE_STANDARD = "gnu++14";
				CLANG_CXX_LIBRARY = "libc++";
				CLANG_ENABLE_MODULES = YES;
				CLANG_ENABLE_OBJC_ARC = YES;
				CLANG_ENABLE_OBJC_WEAK = YES;
				CLANG_WARN_BLOCK_CAPTURE_AUTORELEASING = YES;
				CLANG_WARN_BOOL_CONVERSION = YES;
				CLANG_WARN_COMMA = YES;
				CLANG_WARN_CONSTANT_CONVERSION = YES;
				CLANG_WARN_DEPRECATED_OBJC_IMPLEMENTATIONS = YES;
				CLANG_WARN_DIRECT_OBJC_ISA_USAGE = YES_ERROR;
				CLANG_WARN_DOCUMENTATION_COMMENTS = YES;
				CLANG_WARN_EMPTY_BODY = YES;
				CLANG_WARN_ENUM_CONVERSION = YES;
				CLANG_WARN_INFINITE_RECURSION = YES;
				CLANG_WARN_INT_CONVERSION = YES;
				CLANG_WARN_NON_LITERAL_NULL_CONVERSION = YES;
				CLANG_WARN_OBJC_IMPLICIT_RETAIN_SELF = YES;
				CLANG_WARN_OBJC_LITERAL_CONVERSION = YES;
				CLANG_WARN_OBJC_ROOT_CLASS = YES_ERROR;
				CLANG_WARN_RANGE_LOOP_ANALYSIS = YES;
				CLANG_WARN_STRICT_PROTOTYPES = YES;
				CLANG_WARN_SUSPICIOUS_MOVE = YES;
				CLANG_WARN_UNGUARDED_AVAILABILITY = YES_AGGRESSIVE;
				CLANG_WARN_UNREACHABLE_CODE = YES;
				CLANG_WARN__DUPLICATE_METHOD_MATCH = YES;
				COPY_PHASE_STRIP = NO;
				DEBUG_INFORMATION_FORMAT = dwarf;
				ENABLE_STRICT_OBJC_MSGSEND = YES;
				ENABLE_TESTABILITY = YES;
				GCC_C_LANGUAGE_STANDARD = gnu11;
				GCC_DYNAMIC_NO_PIC = NO;
				GCC_NO_COMMON_BLOCKS = YES;
				GCC_OPTIMIZATION_LEVEL = 0;
				GCC_PREPROCESSOR_DEFINITIONS = (
					"DEBUG=1",
					"$(inherited)",
				);
				GCC_WARN_64_TO_32_BIT_CONVERSION = YES;
				GCC_WARN_ABOUT_RETURN_TYPE = YES_ERROR;
				GCC_WARN_UNDECLARED_SELECTOR = YES;
				GCC_WARN_UNINITIALIZED_AUTOS = YES_AGGRESSIVE;
				GCC_WARN_UNUSED_FUNCTION = YES;
				GCC_WARN_UNUSED_VARIABLE = YES;
				IPHONEOS_DEPLOYMENT_TARGET = 13.2;
				MTL_ENABLE_DEBUG_INFO = INCLUDE_SOURCE;
				MTL_FAST_MATH = YES;
				ONLY_ACTIVE_ARCH = YES;
				SDKROOT = iphoneos;
				SWIFT_ACTIVE_COMPILATION_CONDITIONS = DEBUG;
				SWIFT_OPTIMIZATION_LEVEL = "-Onone";
			};
			name = Debug;
		};
		5893EF6F243C93CD00A1CA73 /* Release */ = {
			isa = XCBuildConfiguration;
			buildSettings = {
				ALWAYS_SEARCH_USER_PATHS = NO;
				CLANG_ANALYZER_NONNULL = YES;
				CLANG_ANALYZER_NUMBER_OBJECT_CONVERSION = YES_AGGRESSIVE;
				CLANG_CXX_LANGUAGE_STANDARD = "gnu++14";
				CLANG_CXX_LIBRARY = "libc++";
				CLANG_ENABLE_MODULES = YES;
				CLANG_ENABLE_OBJC_ARC = YES;
				CLANG_ENABLE_OBJC_WEAK = YES;
				CLANG_WARN_BLOCK_CAPTURE_AUTORELEASING = YES;
				CLANG_WARN_BOOL_CONVERSION = YES;
				CLANG_WARN_COMMA = YES;
				CLANG_WARN_CONSTANT_CONVERSION = YES;
				CLANG_WARN_DEPRECATED_OBJC_IMPLEMENTATIONS = YES;
				CLANG_WARN_DIRECT_OBJC_ISA_USAGE = YES_ERROR;
				CLANG_WARN_DOCUMENTATION_COMMENTS = YES;
				CLANG_WARN_EMPTY_BODY = YES;
				CLANG_WARN_ENUM_CONVERSION = YES;
				CLANG_WARN_INFINITE_RECURSION = YES;
				CLANG_WARN_INT_CONVERSION = YES;
				CLANG_WARN_NON_LITERAL_NULL_CONVERSION = YES;
				CLANG_WARN_OBJC_IMPLICIT_RETAIN_SELF = YES;
				CLANG_WARN_OBJC_LITERAL_CONVERSION = YES;
				CLANG_WARN_OBJC_ROOT_CLASS = YES_ERROR;
				CLANG_WARN_RANGE_LOOP_ANALYSIS = YES;
				CLANG_WARN_STRICT_PROTOTYPES = YES;
				CLANG_WARN_SUSPICIOUS_MOVE = YES;
				CLANG_WARN_UNGUARDED_AVAILABILITY = YES_AGGRESSIVE;
				CLANG_WARN_UNREACHABLE_CODE = YES;
				CLANG_WARN__DUPLICATE_METHOD_MATCH = YES;
				COPY_PHASE_STRIP = NO;
				DEBUG_INFORMATION_FORMAT = "dwarf-with-dsym";
				ENABLE_NS_ASSERTIONS = NO;
				ENABLE_STRICT_OBJC_MSGSEND = YES;
				GCC_C_LANGUAGE_STANDARD = gnu11;
				GCC_NO_COMMON_BLOCKS = YES;
				GCC_WARN_64_TO_32_BIT_CONVERSION = YES;
				GCC_WARN_ABOUT_RETURN_TYPE = YES_ERROR;
				GCC_WARN_UNDECLARED_SELECTOR = YES;
				GCC_WARN_UNINITIALIZED_AUTOS = YES_AGGRESSIVE;
				GCC_WARN_UNUSED_FUNCTION = YES;
				GCC_WARN_UNUSED_VARIABLE = YES;
				IPHONEOS_DEPLOYMENT_TARGET = 13.2;
				MTL_ENABLE_DEBUG_INFO = NO;
				MTL_FAST_MATH = YES;
				SDKROOT = iphoneos;
				SWIFT_COMPILATION_MODE = wholemodule;
				SWIFT_OPTIMIZATION_LEVEL = "-O";
				VALIDATE_PRODUCT = YES;
			};
			name = Release;
		};
		5893EF71243C93CD00A1CA73 /* Debug */ = {
			isa = XCBuildConfiguration;
			baseConfigurationReference = 449ACB6F3676186456B456C6 /* Pods-MyPlaces.debug.xcconfig */;
			buildSettings = {
				ASSETCATALOG_COMPILER_APPICON_NAME = AppIcon;
				CODE_SIGN_STYLE = Automatic;
				DEVELOPMENT_TEAM = 43D563G2DN;
				INFOPLIST_FILE = MyPlaces/Info.plist;
				LD_RUNPATH_SEARCH_PATHS = (
					"$(inherited)",
					"@executable_path/Frameworks",
				);
				PRODUCT_BUNDLE_IDENTIFIER = KnK.MyPlaces;
				PRODUCT_NAME = "$(TARGET_NAME)";
				SWIFT_VERSION = 5.0;
				TARGETED_DEVICE_FAMILY = "1,2";
			};
			name = Debug;
		};
		5893EF72243C93CD00A1CA73 /* Release */ = {
			isa = XCBuildConfiguration;
			baseConfigurationReference = AC4D484475BDA5C7699B3B3B /* Pods-MyPlaces.release.xcconfig */;
			buildSettings = {
				ASSETCATALOG_COMPILER_APPICON_NAME = AppIcon;
				CODE_SIGN_STYLE = Automatic;
				DEVELOPMENT_TEAM = 43D563G2DN;
				INFOPLIST_FILE = MyPlaces/Info.plist;
				LD_RUNPATH_SEARCH_PATHS = (
					"$(inherited)",
					"@executable_path/Frameworks",
				);
				PRODUCT_BUNDLE_IDENTIFIER = KnK.MyPlaces;
				PRODUCT_NAME = "$(TARGET_NAME)";
				SWIFT_VERSION = 5.0;
				TARGETED_DEVICE_FAMILY = "1,2";
			};
			name = Release;
		};
/* End XCBuildConfiguration section */

/* Begin XCConfigurationList section */
		5893EF57243C93CA00A1CA73 /* Build configuration list for PBXProject "MyPlaces" */ = {
			isa = XCConfigurationList;
			buildConfigurations = (
				5893EF6E243C93CD00A1CA73 /* Debug */,
				5893EF6F243C93CD00A1CA73 /* Release */,
			);
			defaultConfigurationIsVisible = 0;
			defaultConfigurationName = Release;
		};
		5893EF70243C93CD00A1CA73 /* Build configuration list for PBXNativeTarget "MyPlaces" */ = {
			isa = XCConfigurationList;
			buildConfigurations = (
				5893EF71243C93CD00A1CA73 /* Debug */,
				5893EF72243C93CD00A1CA73 /* Release */,
			);
			defaultConfigurationIsVisible = 0;
			defaultConfigurationName = Release;
		};
/* End XCConfigurationList section */
	};
	rootObject = 5893EF54243C93CA00A1CA73 /* Project object */;
}
